
Microsoft Visual Studio Solution File, Format Version 12.00
# Visual Studio Version 17
VisualStudioVersion = 17.10.35122.118
MinimumVisualStudioVersion = 10.0.40219.1
Project("{FAE04EC0-301F-11D3-BF4B-00C04F79EFBC}") = "GameLauncher", "GameLauncher\GameLauncher.csproj", "{B1A2DF08-59ED-4CD8-B96E-2B1846C3D5C3}"
EndProject
Global
	GlobalSection(SolutionConfigurationPlatforms) = preSolution
		Debug|Any CPU = Debug|Any CPU
		Release|Any CPU = Release|Any CPU
	EndGlobalSection
	GlobalSection(ProjectConfigurationPlatforms) = postSolution
		{B1A2DF08-59ED-4CD8-B96E-2B1846C3D5C3}.Debug|Any CPU.ActiveCfg = Debug|Any CPU
		{B1A2DF08-59ED-4CD8-B96E-2B1846C3D5C3}.Debug|Any CPU.Build.0 = Debug|Any CPU
		{B1A2DF08-59ED-4CD8-B96E-2B1846C3D5C3}.Release|Any CPU.ActiveCfg = Release|Any CPU
		{B1A2DF08-59ED-4CD8-B96E-2B1846C3D5C3}.Release|Any CPU.Build.0 = Release|Any CPU
	EndGlobalSection
	GlobalSection(SolutionProperties) = preSolution
		HideSolutionNode = FALSE
	EndGlobalSection
	GlobalSection(ExtensibilityGlobals) = postSolution
		SolutionGuid = {2F346689-5634-44C7-A263-96C54E18F5BC}
	EndGlobalSection
EndGlobal
